
Microsoft Visual Studio Solution File, Format Version 12.00
# Visual Studio 15
VisualStudioVersion = 15.0.27004.2005
MinimumVisualStudioVersion = 10.0.40219.1
Project("{FAE04EC0-301F-11D3-BF4B-00C04F79EFBC}") = "Practice", "Practice\Practice.csproj", "{13C5E75F-D77B-412D-8B8C-D0B2E44531B7}"
EndProject
Project("{FAE04EC0-301F-11D3-BF4B-00C04F79EFBC}") = "Practice.Tests", "Practice.Tests\Practice.Tests.csproj", "{C088DD51-D715-4929-930F-FD32811C826E}"
EndProject
Project("{FAE04EC0-301F-11D3-BF4B-00C04F79EFBC}") = "ConsoleApp", "ConsoleApp\ConsoleApp.csproj", "{AE3B2F0B-1D57-432F-B6A5-F6E5B8A17B8B}"
EndProject
Project("{FAE04EC0-301F-11D3-BF4B-00C04F79EFBC}") = "ClassLibrary", "ClassLibrary\ClassLibrary.csproj", "{7DAA9D89-2585-4DD8-894E-F086F631AFFD}"
EndProject
Project("{FAE04EC0-301F-11D3-BF4B-00C04F79EFBC}") = "ClassLibraryTests", "ClassLibraryTests\ClassLibraryTests.csproj", "{092DD16C-2740-4561-BA49-06D55F63968A}"
EndProject
Global
	GlobalSection(SolutionConfigurationPlatforms) = preSolution
		Debug|Any CPU = Debug|Any CPU
		Release|Any CPU = Release|Any CPU
	EndGlobalSection
	GlobalSection(ProjectConfigurationPlatforms) = postSolution
		{13C5E75F-D77B-412D-8B8C-D0B2E44531B7}.Debug|Any CPU.ActiveCfg = Debug|Any CPU
		{13C5E75F-D77B-412D-8B8C-D0B2E44531B7}.Debug|Any CPU.Build.0 = Debug|Any CPU
		{13C5E75F-D77B-412D-8B8C-D0B2E44531B7}.Release|Any CPU.ActiveCfg = Release|Any CPU
		{13C5E75F-D77B-412D-8B8C-D0B2E44531B7}.Release|Any CPU.Build.0 = Release|Any CPU
		{C088DD51-D715-4929-930F-FD32811C826E}.Debug|Any CPU.ActiveCfg = Debug|Any CPU
		{C088DD51-D715-4929-930F-FD32811C826E}.Debug|Any CPU.Build.0 = Debug|Any CPU
		{C088DD51-D715-4929-930F-FD32811C826E}.Release|Any CPU.ActiveCfg = Release|Any CPU
		{C088DD51-D715-4929-930F-FD32811C826E}.Release|Any CPU.Build.0 = Release|Any CPU
		{AE3B2F0B-1D57-432F-B6A5-F6E5B8A17B8B}.Debug|Any CPU.ActiveCfg = Debug|Any CPU
		{AE3B2F0B-1D57-432F-B6A5-F6E5B8A17B8B}.Debug|Any CPU.Build.0 = Debug|Any CPU
		{AE3B2F0B-1D57-432F-B6A5-F6E5B8A17B8B}.Release|Any CPU.ActiveCfg = Release|Any CPU
		{AE3B2F0B-1D57-432F-B6A5-F6E5B8A17B8B}.Release|Any CPU.Build.0 = Release|Any CPU
		{7DAA9D89-2585-4DD8-894E-F086F631AFFD}.Debug|Any CPU.ActiveCfg = Debug|Any CPU
		{7DAA9D89-2585-4DD8-894E-F086F631AFFD}.Debug|Any CPU.Build.0 = Debug|Any CPU
		{7DAA9D89-2585-4DD8-894E-F086F631AFFD}.Release|Any CPU.ActiveCfg = Release|Any CPU
		{7DAA9D89-2585-4DD8-894E-F086F631AFFD}.Release|Any CPU.Build.0 = Release|Any CPU
		{092DD16C-2740-4561-BA49-06D55F63968A}.Debug|Any CPU.ActiveCfg = Debug|Any CPU
		{092DD16C-2740-4561-BA49-06D55F63968A}.Debug|Any CPU.Build.0 = Debug|Any CPU
		{092DD16C-2740-4561-BA49-06D55F63968A}.Release|Any CPU.ActiveCfg = Release|Any CPU
		{092DD16C-2740-4561-BA49-06D55F63968A}.Release|Any CPU.Build.0 = Release|Any CPU
	EndGlobalSection
	GlobalSection(SolutionProperties) = preSolution
		HideSolutionNode = FALSE
	EndGlobalSection
	GlobalSection(ExtensibilityGlobals) = postSolution
		SolutionGuid = {D22DCA60-15C4-49EF-B783-0E7FD8B52F4E}
	EndGlobalSection
EndGlobal
